
Microsoft Visual Studio Solution File, Format Version 12.00
# Visual Studio Version 17
VisualStudioVersion = 17.4.33103.184
MinimumVisualStudioVersion = 10.0.40219.1
Project("{FAE04EC0-301F-11D3-BF4B-00C04F79EFBC}") = "LabNum2", "LabNum2.csproj", "{B85EF17D-D66D-4971-B36D-C2FE65F4DA79}"
EndProject
Global
	GlobalSection(SolutionConfigurationPlatforms) = preSolution
		Debug|Any CPU = Debug|Any CPU
		Release|Any CPU = Release|Any CPU
	EndGlobalSection
	GlobalSection(ProjectConfigurationPlatforms) = postSolution
		{B85EF17D-D66D-4971-B36D-C2FE65F4DA79}.Debug|Any CPU.ActiveCfg = Debug|Any CPU
		{B85EF17D-D66D-4971-B36D-C2FE65F4DA79}.Debug|Any CPU.Build.0 = Debug|Any CPU
		{B85EF17D-D66D-4971-B36D-C2FE65F4DA79}.Release|Any CPU.ActiveCfg = Release|Any CPU
		{B85EF17D-D66D-4971-B36D-C2FE65F4DA79}.Release|Any CPU.Build.0 = Release|Any CPU
	EndGlobalSection
	GlobalSection(SolutionProperties) = preSolution
		HideSolutionNode = FALSE
	EndGlobalSection
	GlobalSection(ExtensibilityGlobals) = postSolution
		SolutionGuid = {89E80B39-C0B9-46AE-B001-FAB829BDA7DB}
	EndGlobalSection
EndGlobal
